
Microsoft Visual Studio Solution File, Format Version 12.00
# Visual Studio Version 16
VisualStudioVersion = 16.0.31129.286
MinimumVisualStudioVersion = 10.0.40219.1
Project("{8BC9CEB8-8B4A-11D0-8D11-00A0C91BC942}") = "Tic Tac Toe Game", "Tic Tac Toe Game\Tic Tac Toe Game.vcxproj", "{336C5B73-B674-4DB1-BC48-FBD875EFAA4D}"
EndProject
Global
	GlobalSection(SolutionConfigurationPlatforms) = preSolution
		Debug|x64 = Debug|x64
		Debug|x86 = Debug|x86
		Release|x64 = Release|x64
		Release|x86 = Release|x86
	EndGlobalSection
	GlobalSection(ProjectConfigurationPlatforms) = postSolution
		{336C5B73-B674-4DB1-BC48-FBD875EFAA4D}.Debug|x64.ActiveCfg = Debug|x64
		{336C5B73-B674-4DB1-BC48-FBD875EFAA4D}.Debug|x64.Build.0 = Debug|x64
		{336C5B73-B674-4DB1-BC48-FBD875EFAA4D}.Debug|x86.ActiveCfg = Debug|Win32
		{336C5B73-B674-4DB1-BC48-FBD875EFAA4D}.Debug|x86.Build.0 = Debug|Win32
		{336C5B73-B674-4DB1-BC48-FBD875EFAA4D}.Release|x64.ActiveCfg = Release|x64
		{336C5B73-B674-4DB1-BC48-FBD875EFAA4D}.Release|x64.Build.0 = Release|x64
		{336C5B73-B674-4DB1-BC48-FBD875EFAA4D}.Release|x86.ActiveCfg = Release|Win32
		{336C5B73-B674-4DB1-BC48-FBD875EFAA4D}.Release|x86.Build.0 = Release|Win32
	EndGlobalSection
	GlobalSection(SolutionProperties) = preSolution
		HideSolutionNode = FALSE
	EndGlobalSection
	GlobalSection(ExtensibilityGlobals) = postSolution
		SolutionGuid = {42D22954-3306-42FD-8A9B-8BBA3D407092}
	EndGlobalSection
EndGlobal
